<?xml version="1.0" encoding="utf-8"?>
<Project ToolsVersion="4.0" xmlns="http://schemas.microsoft.com/developer/msbuild/2003">
  <ItemGroup>
    <Filter Include="Source Files">
      <UniqueIdentifier>{4FC737F1-C7A5-4376-A066-2A32D752A2FF}</UniqueIdentifier>
      <Extensions>cpp;c;cc;cxx;c++;cppm;ixx;def;odl;idl;hpj;bat;asm;asmx</Extensions>
    </Filter>
    <Filter Include="Header Files">
      <UniqueIdentifier>{93995380-89BD-4b04-88EB-625FBE52EBFB}</UniqueIdentifier>
      <Extensions>h;hh;hpp;hxx;h++;hm;inl;inc;ipp;xsd</Extensions>
    </Filter>
    <Filter Include="Resource Files">
      <UniqueIdentifier>{67DA6AB6-F800-4c08-8B7A-83BB121AAD01}</UniqueIdentifier>
      <Extensions>rc;ico;cur;bmp;dlg;rc2;rct;bin;rgs;gif;jpg;jpeg;jpe;resx;tiff;tif;png;wav;mfcribbon-ms</Extensions>
    </Filter>
    <Filter Include="Header Files\container">
      <UniqueIdentifier>{ae639502-6954-4e94-8c7c-a0ce533a0be4}</UniqueIdentifier>
    </Filter>
    <Filter Include="Header Files\scanning">
      <UniqueIdentifier>{a26944a4-a039-4ad4-b810-a8447703e1da}</UniqueIdentifier>
    </Filter>
    <Filter Include="Header Files\scanning\scans">
      <UniqueIdentifier>{94477e87-8215-483a-bd61-893c5c5c8376}</UniqueIdentifier>
    </Filter>
    <Filter Include="Header Files\misc">
      <UniqueIdentifier>{b84b4892-11b9-4bb8-bfab-109e82403ede}</UniqueIdentifier>
    </Filter>
  </ItemGroup>
  <ItemGroup>
    <ClCompile Include="main.cpp">
      <Filter>Source Files</Filter>
    </ClCompile>
    <ClCompile Include="private_memory.cpp">
      <Filter>Header Files\scanning\scans</Filter>
    </ClCompile>
    <ClCompile Include="abnormal_intermodular_call.cpp">
      <Filter>Header Files\scanning\scans</Filter>
    </ClCompile>
    <ClCompile Include="blocking_apc.cpp">
      <Filter>Header Files\scanning\scans</Filter>
    </ClCompile>
    <ClCompile Include="blocking_timer.cpp">
      <Filter>Header Files\scanning\scans</Filter>
    </ClCompile>
    <ClCompile Include="hardware_breakpoints.cpp">
      <Filter>Header Files\scanning\scans</Filter>
    </ClCompile>
    <ClCompile Include="return_address_spoofing.cpp">
      <Filter>Header Files\scanning\scans</Filter>
    </ClCompile>
    <ClCompile Include="stomped_module.cpp">
      <Filter>Header Files\scanning\scans</Filter>
    </ClCompile>
    <ClCompile Include="suspicious_timer.cpp">
      <Filter>Header Files\scanning\scans</Filter>
    </ClCompile>
    <ClCompile Include="non_executable_memory.cpp">
      <Filter>Header Files\scanning\scans</Filter>
    </ClCompile>
  </ItemGroup>
  <ItemGroup>
    <ClInclude Include="detection.hpp">
      <Filter>Header Files\container</Filter>
    </ClInclude>
    <ClInclude Include="process.hpp">
      <Filter>Header Files\container</Filter>
    </ClInclude>
    <ClInclude Include="process_builder.hpp">
      <Filter>Header Files\container</Filter>
    </ClInclude>
    <ClInclude Include="process_enumerator.hpp">
      <Filter>Header Files\container</Filter>
    </ClInclude>
    <ClInclude Include="thread.hpp">
      <Filter>Header Files\container</Filter>
    </ClInclude>
    <ClInclude Include="thread_builder.hpp">
      <Filter>Header Files\container</Filter>
    </ClInclude>
    <ClInclude Include="calltrace.hpp">
      <Filter>Header Files\container</Filter>
    </ClInclude>
    <ClInclude Include="calltrace_builder.hpp">
      <Filter>Header Files\container</Filter>
    </ClInclude>
    <ClInclude Include="process_scanner.hpp">
      <Filter>Header Files\scanning</Filter>
    </ClInclude>
    <ClInclude Include="scans.hpp">
      <Filter>Header Files\scanning</Filter>
    </ClInclude>
    <ClInclude Include="logger.hpp">
      <Filter>Header Files\misc</Filter>
    </ClInclude>
    <ClInclude Include="misc.hpp">
      <Filter>Header Files\misc</Filter>
    </ClInclude>
  </ItemGroup>
</Project>